
Microsoft Visual Studio Solution File, Format Version 12.00
# Visual Studio Version 16
VisualStudioVersion = 16.0.29709.97
MinimumVisualStudioVersion = 10.0.40219.1
Project("{FAE04EC0-301F-11D3-BF4B-00C04F79EFBC}") = "OrderImagesByDate", "OrderImagesByDate\OrderImagesByDate.csproj", "{08C384DF-E602-472B-9BAB-E8F279AF3A8A}"
EndProject
Global
	GlobalSection(SolutionConfigurationPlatforms) = preSolution
		Debug|Any CPU = Debug|Any CPU
		Release|Any CPU = Release|Any CPU
	EndGlobalSection
	GlobalSection(ProjectConfigurationPlatforms) = postSolution
		{08C384DF-E602-472B-9BAB-E8F279AF3A8A}.Debug|Any CPU.ActiveCfg = Debug|Any CPU
		{08C384DF-E602-472B-9BAB-E8F279AF3A8A}.Debug|Any CPU.Build.0 = Debug|Any CPU
		{08C384DF-E602-472B-9BAB-E8F279AF3A8A}.Release|Any CPU.ActiveCfg = Release|Any CPU
		{08C384DF-E602-472B-9BAB-E8F279AF3A8A}.Release|Any CPU.Build.0 = Release|Any CPU
	EndGlobalSection
	GlobalSection(SolutionProperties) = preSolution
		HideSolutionNode = FALSE
	EndGlobalSection
	GlobalSection(ExtensibilityGlobals) = postSolution
		SolutionGuid = {6BDBC4E5-C183-4F3B-AD05-3D93282F99A1}
	EndGlobalSection
EndGlobal
